
Microsoft Visual Studio Solution File, Format Version 12.00
# Visual Studio 15
VisualStudioVersion = 15.0.28307.329
MinimumVisualStudioVersion = 10.0.40219.1
Project("{FAE04EC0-301F-11D3-BF4B-00C04F79EFBC}") = "TestEmail", "TestEmail\TestEmail.csproj", "{E1880091-98D7-4284-A635-1853200F562C}"
EndProject
Global
	GlobalSection(SolutionConfigurationPlatforms) = preSolution
		Debug|Any CPU = Debug|Any CPU
		Release|Any CPU = Release|Any CPU
	EndGlobalSection
	GlobalSection(ProjectConfigurationPlatforms) = postSolution
		{E1880091-98D7-4284-A635-1853200F562C}.Debug|Any CPU.ActiveCfg = Debug|Any CPU
		{E1880091-98D7-4284-A635-1853200F562C}.Debug|Any CPU.Build.0 = Debug|Any CPU
		{E1880091-98D7-4284-A635-1853200F562C}.Release|Any CPU.ActiveCfg = Release|Any CPU
		{E1880091-98D7-4284-A635-1853200F562C}.Release|Any CPU.Build.0 = Release|Any CPU
	EndGlobalSection
	GlobalSection(SolutionProperties) = preSolution
		HideSolutionNode = FALSE
	EndGlobalSection
	GlobalSection(ExtensibilityGlobals) = postSolution
		SolutionGuid = {B700ED85-62A6-4628-8A09-253A00BE640B}
	EndGlobalSection
EndGlobal
